// !$*UTF8*$!
{
	archiveVersion = 1;
	classes = {
	};
	objectVersion = 46;
	objects = {

/* Begin PBXBuildFile section */
		1355C57E1F90AE9F00F65544 /* XXDeallocBlockExecutor.m in Sources */ = {isa = PBXBuildFile; fileRef = 1355C57D1F90AE9F00F65544 /* XXDeallocBlockExecutor.m */; };
		1355C5811F90AEE500F65544 /* NSObject+XXDeallocBlock.m in Sources */ = {isa = PBXBuildFile; fileRef = 1355C5801F90AEE500F65544 /* NSObject+XXDeallocBlock.m */; };
		6B220BDD1DAF7A68008A7981 /* main.m in Sources */ = {isa = PBXBuildFile; fileRef = 6B220BDC1DAF7A68008A7981 /* main.m */; };
		6B220BE01DAF7A68008A7981 /* AppDelegate.m in Sources */ = {isa = PBXBuildFile; fileRef = 6B220BDF1DAF7A68008A7981 /* AppDelegate.m */; };
		6B220BE31DAF7A68008A7981 /* ViewController.m in Sources */ = {isa = PBXBuildFile; fileRef = 6B220BE21DAF7A68008A7981 /* ViewController.m */; };
		6B220BE61DAF7A68008A7981 /* Main.storyboard in Resources */ = {isa = PBXBuildFile; fileRef = 6B220BE41DAF7A68008A7981 /* Main.storyboard */; };
		6B220BE81DAF7A68008A7981 /* Assets.xcassets in Resources */ = {isa = PBXBuildFile; fileRef = 6B220BE71DAF7A68008A7981 /* Assets.xcassets */; };
		6B220BEB1DAF7A68008A7981 /* LaunchScreen.storyboard in Resources */ = {isa = PBXBuildFile; fileRef = 6B220BE91DAF7A68008A7981 /* LaunchScreen.storyboard */; };
		6B220BF61DAF7A68008A7981 /* XXToolsExampleTests.m in Sources */ = {isa = PBXBuildFile; fileRef = 6B220BF51DAF7A68008A7981 /* XXToolsExampleTests.m */; };
		6B220C491DAF7B0E008A7981 /* NSDate+XX.m in Sources */ = {isa = PBXBuildFile; fileRef = 6B220C2E1DAF7B0E008A7981 /* NSDate+XX.m */; };
		6B220C4A1DAF7B0E008A7981 /* NSDictionary+XX.m in Sources */ = {isa = PBXBuildFile; fileRef = 6B220C301DAF7B0E008A7981 /* NSDictionary+XX.m */; };
		6B220C4B1DAF7B0E008A7981 /* NSMutableArray+XX.m in Sources */ = {isa = PBXBuildFile; fileRef = 6B220C321DAF7B0E008A7981 /* NSMutableArray+XX.m */; };
		6B220C4C1DAF7B0E008A7981 /* NSString+XX.m in Sources */ = {isa = PBXBuildFile; fileRef = 6B220C341DAF7B0E008A7981 /* NSString+XX.m */; };
		6B220C4D1DAF7B0E008A7981 /* UIButton+XX.m in Sources */ = {isa = PBXBuildFile; fileRef = 6B220C361DAF7B0E008A7981 /* UIButton+XX.m */; };
		6B220C4E1DAF7B0E008A7981 /* UIColor+XX.m in Sources */ = {isa = PBXBuildFile; fileRef = 6B220C381DAF7B0E008A7981 /* UIColor+XX.m */; };
		6B220C4F1DAF7B0E008A7981 /* UIImage+XX.m in Sources */ = {isa = PBXBuildFile; fileRef = 6B220C3A1DAF7B0E008A7981 /* UIImage+XX.m */; };
		6B220C501DAF7B0E008A7981 /* UIImageView+XX.m in Sources */ = {isa = PBXBuildFile; fileRef = 6B220C3C1DAF7B0E008A7981 /* UIImageView+XX.m */; };
		6B220C511DAF7B0E008A7981 /* UILabel+XX.m in Sources */ = {isa = PBXBuildFile; fileRef = 6B220C3E1DAF7B0E008A7981 /* UILabel+XX.m */; };
		6B220C521DAF7B0E008A7981 /* UINavigationController+XX.m in Sources */ = {isa = PBXBuildFile; fileRef = 6B220C401DAF7B0E008A7981 /* UINavigationController+XX.m */; };
		6B220C531DAF7B0E008A7981 /* UITableView+XX.m in Sources */ = {isa = PBXBuildFile; fileRef = 6B220C421DAF7B0E008A7981 /* UITableView+XX.m */; };
		6B220C541DAF7B0E008A7981 /* UIView+XX.m in Sources */ = {isa = PBXBuildFile; fileRef = 6B220C441DAF7B0E008A7981 /* UIView+XX.m */; };
		6B220C551DAF7B0E008A7981 /* XXTools.m in Sources */ = {isa = PBXBuildFile; fileRef = 6B220C461DAF7B0E008A7981 /* XXTools.m */; };
/* End PBXBuildFile section */

/* Begin PBXContainerItemProxy section */
		6B220BF21DAF7A68008A7981 /* PBXContainerItemProxy */ = {
			isa = PBXContainerItemProxy;
			containerPortal = 6B220BD01DAF7A68008A7981 /* Project object */;
			proxyType = 1;
			remoteGlobalIDString = 6B220BD71DAF7A68008A7981;
			remoteInfo = XXToolsExample;
		};
/* End PBXContainerItemProxy section */

/* Begin PBXFileReference section */
		1355C57C1F90AE9F00F65544 /* XXDeallocBlockExecutor.h */ = {isa = PBXFileReference; lastKnownFileType = sourcecode.c.h; path = XXDeallocBlockExecutor.h; sourceTree = "<group>"; };
		1355C57D1F90AE9F00F65544 /* XXDeallocBlockExecutor.m */ = {isa = PBXFileReference; lastKnownFileType = sourcecode.c.objc; path = XXDeallocBlockExecutor.m; sourceTree = "<group>"; };
		1355C57F1F90AEE500F65544 /* NSObject+XXDeallocBlock.h */ = {isa = PBXFileReference; lastKnownFileType = sourcecode.c.h; path = "NSObject+XXDeallocBlock.h"; sourceTree = "<group>"; };
		1355C5801F90AEE500F65544 /* NSObject+XXDeallocBlock.m */ = {isa = PBXFileReference; lastKnownFileType = sourcecode.c.objc; path = "NSObject+XXDeallocBlock.m"; sourceTree = "<group>"; };
		6B220BD81DAF7A68008A7981 /* XXToolsExample.app */ = {isa = PBXFileReference; explicitFileType = wrapper.application; includeInIndex = 0; path = XXToolsExample.app; sourceTree = BUILT_PRODUCTS_DIR; };
		6B220BDC1DAF7A68008A7981 /* main.m */ = {isa = PBXFileReference; lastKnownFileType = sourcecode.c.objc; path = main.m; sourceTree = "<group>"; };
		6B220BDE1DAF7A68008A7981 /* AppDelegate.h */ = {isa = PBXFileReference; lastKnownFileType = sourcecode.c.h; path = AppDelegate.h; sourceTree = "<group>"; };
		6B220BDF1DAF7A68008A7981 /* AppDelegate.m */ = {isa = PBXFileReference; lastKnownFileType = sourcecode.c.objc; path = AppDelegate.m; sourceTree = "<group>"; };
		6B220BE11DAF7A68008A7981 /* ViewController.h */ = {isa = PBXFileReference; lastKnownFileType = sourcecode.c.h; path = ViewController.h; sourceTree = "<group>"; };
		6B220BE21DAF7A68008A7981 /* ViewController.m */ = {isa = PBXFileReference; lastKnownFileType = sourcecode.c.objc; path = ViewController.m; sourceTree = "<group>"; };
		6B220BE51DAF7A68008A7981 /* Base */ = {isa = PBXFileReference; lastKnownFileType = file.storyboard; name = Base; path = Base.lproj/Main.storyboard; sourceTree = "<group>"; };
		6B220BE71DAF7A68008A7981 /* Assets.xcassets */ = {isa = PBXFileReference; lastKnownFileType = folder.assetcatalog; path = Assets.xcassets; sourceTree = "<group>"; };
		6B220BEA1DAF7A68008A7981 /* Base */ = {isa = PBXFileReference; lastKnownFileType = file.storyboard; name = Base; path = Base.lproj/LaunchScreen.storyboard; sourceTree = "<group>"; };
		6B220BEC1DAF7A68008A7981 /* Info.plist */ = {isa = PBXFileReference; lastKnownFileType = text.plist.xml; path = Info.plist; sourceTree = "<group>"; };
		6B220BF11DAF7A68008A7981 /* XXToolsExampleTests.xctest */ = {isa = PBXFileReference; explicitFileType = wrapper.cfbundle; includeInIndex = 0; path = XXToolsExampleTests.xctest; sourceTree = BUILT_PRODUCTS_DIR; };
		6B220BF51DAF7A68008A7981 /* XXToolsExampleTests.m */ = {isa = PBXFileReference; lastKnownFileType = sourcecode.c.objc; path = XXToolsExampleTests.m; sourceTree = "<group>"; };
		6B220BF71DAF7A68008A7981 /* Info.plist */ = {isa = PBXFileReference; lastKnownFileType = text.plist.xml; path = Info.plist; sourceTree = "<group>"; };
		6B220C2D1DAF7B0E008A7981 /* NSDate+XX.h */ = {isa = PBXFileReference; fileEncoding = 4; lastKnownFileType = sourcecode.c.h; path = "NSDate+XX.h"; sourceTree = "<group>"; };
		6B220C2E1DAF7B0E008A7981 /* NSDate+XX.m */ = {isa = PBXFileReference; fileEncoding = 4; lastKnownFileType = sourcecode.c.objc; path = "NSDate+XX.m"; sourceTree = "<group>"; };
		6B220C2F1DAF7B0E008A7981 /* NSDictionary+XX.h */ = {isa = PBXFileReference; fileEncoding = 4; lastKnownFileType = sourcecode.c.h; path = "NSDictionary+XX.h"; sourceTree = "<group>"; };
		6B220C301DAF7B0E008A7981 /* NSDictionary+XX.m */ = {isa = PBXFileReference; fileEncoding = 4; lastKnownFileType = sourcecode.c.objc; path = "NSDictionary+XX.m"; sourceTree = "<group>"; };
		6B220C311DAF7B0E008A7981 /* NSMutableArray+XX.h */ = {isa = PBXFileReference; fileEncoding = 4; lastKnownFileType = sourcecode.c.h; path = "NSMutableArray+XX.h"; sourceTree = "<group>"; };
		6B220C321DAF7B0E008A7981 /* NSMutableArray+XX.m */ = {isa = PBXFileReference; fileEncoding = 4; lastKnownFileType = sourcecode.c.objc; path = "NSMutableArray+XX.m"; sourceTree = "<group>"; };
		6B220C331DAF7B0E008A7981 /* NSString+XX.h */ = {isa = PBXFileReference; fileEncoding = 4; lastKnownFileType = sourcecode.c.h; path = "NSString+XX.h"; sourceTree = "<group>"; };
		6B220C341DAF7B0E008A7981 /* NSString+XX.m */ = {isa = PBXFileReference; fileEncoding = 4; lastKnownFileType = sourcecode.c.objc; path = "NSString+XX.m"; sourceTree = "<group>"; };
		6B220C351DAF7B0E008A7981 /* UIButton+XX.h */ = {isa = PBXFileReference; fileEncoding = 4; lastKnownFileType = sourcecode.c.h; path = "UIButton+XX.h"; sourceTree = "<group>"; };
		6B220C361DAF7B0E008A7981 /* UIButton+XX.m */ = {isa = PBXFileReference; fileEncoding = 4; lastKnownFileType = sourcecode.c.objc; path = "UIButton+XX.m"; sourceTree = "<group>"; };
		6B220C371DAF7B0E008A7981 /* UIColor+XX.h */ = {isa = PBXFileReference; fileEncoding = 4; lastKnownFileType = sourcecode.c.h; path = "UIColor+XX.h"; sourceTree = "<group>"; };
		6B220C381DAF7B0E008A7981 /* UIColor+XX.m */ = {isa = PBXFileReference; fileEncoding = 4; lastKnownFileType = sourcecode.c.objc; path = "UIColor+XX.m"; sourceTree = "<group>"; };
		6B220C391DAF7B0E008A7981 /* UIImage+XX.h */ = {isa = PBXFileReference; fileEncoding = 4; lastKnownFileType = sourcecode.c.h; path = "UIImage+XX.h"; sourceTree = "<group>"; };
		6B220C3A1DAF7B0E008A7981 /* UIImage+XX.m */ = {isa = PBXFileReference; fileEncoding = 4; lastKnownFileType = sourcecode.c.objc; path = "UIImage+XX.m"; sourceTree = "<group>"; };
		6B220C3B1DAF7B0E008A7981 /* UIImageView+XX.h */ = {isa = PBXFileReference; fileEncoding = 4; lastKnownFileType = sourcecode.c.h; path = "UIImageView+XX.h"; sourceTree = "<group>"; };
		6B220C3C1DAF7B0E008A7981 /* UIImageView+XX.m */ = {isa = PBXFileReference; fileEncoding = 4; lastKnownFileType = sourcecode.c.objc; path = "UIImageView+XX.m"; sourceTree = "<group>"; };
		6B220C3D1DAF7B0E008A7981 /* UILabel+XX.h */ = {isa = PBXFileReference; fileEncoding = 4; lastKnownFileType = sourcecode.c.h; path = "UILabel+XX.h"; sourceTree = "<group>"; };
		6B220C3E1DAF7B0E008A7981 /* UILabel+XX.m */ = {isa = PBXFileReference; fileEncoding = 4; lastKnownFileType = sourcecode.c.objc; path = "UILabel+XX.m"; sourceTree = "<group>"; };
		6B220C3F1DAF7B0E008A7981 /* UINavigationController+XX.h */ = {isa = PBXFileReference; fileEncoding = 4; lastKnownFileType = sourcecode.c.h; path = "UINavigationController+XX.h"; sourceTree = "<group>"; };
		6B220C401DAF7B0E008A7981 /* UINavigationController+XX.m */ = {isa = PBXFileReference; fileEncoding = 4; lastKnownFileType = sourcecode.c.objc; path = "UINavigationController+XX.m"; sourceTree = "<group>"; };
		6B220C411DAF7B0E008A7981 /* UITableView+XX.h */ = {isa = PBXFileReference; fileEncoding = 4; lastKnownFileType = sourcecode.c.h; path = "UITableView+XX.h"; sourceTree = "<group>"; };
		6B220C421DAF7B0E008A7981 /* UITableView+XX.m */ = {isa = PBXFileReference; fileEncoding = 4; lastKnownFileType = sourcecode.c.objc; path = "UITableView+XX.m"; sourceTree = "<group>"; };
		6B220C431DAF7B0E008A7981 /* UIView+XX.h */ = {isa = PBXFileReference; fileEncoding = 4; lastKnownFileType = sourcecode.c.h; path = "UIView+XX.h"; sourceTree = "<group>"; };
		6B220C441DAF7B0E008A7981 /* UIView+XX.m */ = {isa = PBXFileReference; fileEncoding = 4; lastKnownFileType = sourcecode.c.objc; path = "UIView+XX.m"; sourceTree = "<group>"; };
		6B220C451DAF7B0E008A7981 /* XXTools.h */ = {isa = PBXFileReference; fileEncoding = 4; lastKnownFileType = sourcecode.c.h; path = XXTools.h; sourceTree = "<group>"; };
		6B220C461DAF7B0E008A7981 /* XXTools.m */ = {isa = PBXFileReference; fileEncoding = 4; lastKnownFileType = sourcecode.c.objc; path = XXTools.m; sourceTree = "<group>"; };
		6B220C471DAF7B0E008A7981 /* XXToolsHeader.h */ = {isa = PBXFileReference; fileEncoding = 4; lastKnownFileType = sourcecode.c.h; path = XXToolsHeader.h; sourceTree = "<group>"; };
		6B220C481DAF7B0E008A7981 /* XXToolsMacro.h */ = {isa = PBXFileReference; fileEncoding = 4; lastKnownFileType = sourcecode.c.h; path = XXToolsMacro.h; sourceTree = "<group>"; };
/* End PBXFileReference section */

/* Begin PBXFrameworksBuildPhase section */
		6B220BD51DAF7A68008A7981 /* Frameworks */ = {
			isa = PBXFrameworksBuildPhase;
			buildActionMask = 2147483647;
			files = (
			);
			runOnlyForDeploymentPostprocessing = 0;
		};
		6B220BEE1DAF7A68008A7981 /* Frameworks */ = {
			isa = PBXFrameworksBuildPhase;
			buildActionMask = 2147483647;
			files = (
			);
			runOnlyForDeploymentPostprocessing = 0;
		};
/* End PBXFrameworksBuildPhase section */

/* Begin PBXGroup section */
		1355C57B1F90AE8600F65544 /* DeallocBlockExecutor */ = {
			isa = PBXGroup;
			children = (
				1355C57C1F90AE9F00F65544 /* XXDeallocBlockExecutor.h */,
				1355C57D1F90AE9F00F65544 /* XXDeallocBlockExecutor.m */,
				1355C57F1F90AEE500F65544 /* NSObject+XXDeallocBlock.h */,
				1355C5801F90AEE500F65544 /* NSObject+XXDeallocBlock.m */,
			);
			path = DeallocBlockExecutor;
			sourceTree = "<group>";
		};
		6B220BCF1DAF7A68008A7981 = {
			isa = PBXGroup;
			children = (
				6B220BDA1DAF7A68008A7981 /* XXToolsExample */,
				6B220BF41DAF7A68008A7981 /* XXToolsExampleTests */,
				6B220BD91DAF7A68008A7981 /* Products */,
			);
			sourceTree = "<group>";
		};
		6B220BD91DAF7A68008A7981 /* Products */ = {
			isa = PBXGroup;
			children = (
				6B220BD81DAF7A68008A7981 /* XXToolsExample.app */,
				6B220BF11DAF7A68008A7981 /* XXToolsExampleTests.xctest */,
			);
			name = Products;
			sourceTree = "<group>";
		};
		6B220BDA1DAF7A68008A7981 /* XXToolsExample */ = {
			isa = PBXGroup;
			children = (
				6B220C2B1DAF7B0E008A7981 /* XXTools */,
				6B220BDE1DAF7A68008A7981 /* AppDelegate.h */,
				6B220BDF1DAF7A68008A7981 /* AppDelegate.m */,
				6B220BE11DAF7A68008A7981 /* ViewController.h */,
				6B220BE21DAF7A68008A7981 /* ViewController.m */,
				6B220BE41DAF7A68008A7981 /* Main.storyboard */,
				6B220BE71DAF7A68008A7981 /* Assets.xcassets */,
				6B220BE91DAF7A68008A7981 /* LaunchScreen.storyboard */,
				6B220BEC1DAF7A68008A7981 /* Info.plist */,
				6B220BDB1DAF7A68008A7981 /* Supporting Files */,
			);
			path = XXToolsExample;
			sourceTree = "<group>";
		};
		6B220BDB1DAF7A68008A7981 /* Supporting Files */ = {
			isa = PBXGroup;
			children = (
				6B220BDC1DAF7A68008A7981 /* main.m */,
			);
			name = "Supporting Files";
			sourceTree = "<group>";
		};
		6B220BF41DAF7A68008A7981 /* XXToolsExampleTests */ = {
			isa = PBXGroup;
			children = (
				6B220BF51DAF7A68008A7981 /* XXToolsExampleTests.m */,
				6B220BF71DAF7A68008A7981 /* Info.plist */,
			);
			path = XXToolsExampleTests;
			sourceTree = "<group>";
		};
		6B220C2B1DAF7B0E008A7981 /* XXTools */ = {
			isa = PBXGroup;
			children = (
				1355C57B1F90AE8600F65544 /* DeallocBlockExecutor */,
				6B220C2C1DAF7B0E008A7981 /* Category */,
				6B220C451DAF7B0E008A7981 /* XXTools.h */,
				6B220C461DAF7B0E008A7981 /* XXTools.m */,
				6B220C471DAF7B0E008A7981 /* XXToolsHeader.h */,
				6B220C481DAF7B0E008A7981 /* XXToolsMacro.h */,
			);
			path = XXTools;
			sourceTree = SOURCE_ROOT;
		};
		6B220C2C1DAF7B0E008A7981 /* Category */ = {
			isa = PBXGroup;
			children = (
				6B220C2D1DAF7B0E008A7981 /* NSDate+XX.h */,
				6B220C2E1DAF7B0E008A7981 /* NSDate+XX.m */,
				6B220C2F1DAF7B0E008A7981 /* NSDictionary+XX.h */,
				6B220C301DAF7B0E008A7981 /* NSDictionary+XX.m */,
				6B220C311DAF7B0E008A7981 /* NSMutableArray+XX.h */,
				6B220C321DAF7B0E008A7981 /* NSMutableArray+XX.m */,
				6B220C331DAF7B0E008A7981 /* NSString+XX.h */,
				6B220C341DAF7B0E008A7981 /* NSString+XX.m */,
				6B220C351DAF7B0E008A7981 /* UIButton+XX.h */,
				6B220C361DAF7B0E008A7981 /* UIButton+XX.m */,
				6B220C371DAF7B0E008A7981 /* UIColor+XX.h */,
				6B220C381DAF7B0E008A7981 /* UIColor+XX.m */,
				6B220C391DAF7B0E008A7981 /* UIImage+XX.h */,
				6B220C3A1DAF7B0E008A7981 /* UIImage+XX.m */,
				6B220C3B1DAF7B0E008A7981 /* UIImageView+XX.h */,
				6B220C3C1DAF7B0E008A7981 /* UIImageView+XX.m */,
				6B220C3D1DAF7B0E008A7981 /* UILabel+XX.h */,
				6B220C3E1DAF7B0E008A7981 /* UILabel+XX.m */,
				6B220C3F1DAF7B0E008A7981 /* UINavigationController+XX.h */,
				6B220C401DAF7B0E008A7981 /* UINavigationController+XX.m */,
				6B220C411DAF7B0E008A7981 /* UITableView+XX.h */,
				6B220C421DAF7B0E008A7981 /* UITableView+XX.m */,
				6B220C431DAF7B0E008A7981 /* UIView+XX.h */,
				6B220C441DAF7B0E008A7981 /* UIView+XX.m */,
			);
			path = Category;
			sourceTree = "<group>";
		};
/* End PBXGroup section */

/* Begin PBXNativeTarget section */
		6B220BD71DAF7A68008A7981 /* XXToolsExample */ = {
			isa = PBXNativeTarget;
			buildConfigurationList = 6B220BFA1DAF7A68008A7981 /* Build configuration list for PBXNativeTarget "XXToolsExample" */;
			buildPhases = (
				6B220BD41DAF7A68008A7981 /* Sources */,
				6B220BD51DAF7A68008A7981 /* Frameworks */,
				6B220BD61DAF7A68008A7981 /* Resources */,
			);
			buildRules = (
			);
			dependencies = (
			);
			name = XXToolsExample;
			productName = XXToolsExample;
			productReference = 6B220BD81DAF7A68008A7981 /* XXToolsExample.app */;
			productType = "com.apple.product-type.application";
		};
		6B220BF01DAF7A68008A7981 /* XXToolsExampleTests */ = {
			isa = PBXNativeTarget;
			buildConfigurationList = 6B220BFD1DAF7A68008A7981 /* Build configuration list for PBXNativeTarget "XXToolsExampleTests" */;
			buildPhases = (
				6B220BED1DAF7A68008A7981 /* Sources */,
				6B220BEE1DAF7A68008A7981 /* Frameworks */,
				6B220BEF1DAF7A68008A7981 /* Resources */,
			);
			buildRules = (
			);
			dependencies = (
				6B220BF31DAF7A68008A7981 /* PBXTargetDependency */,
			);
			name = XXToolsExampleTests;
			productName = XXToolsExampleTests;
			productReference = 6B220BF11DAF7A68008A7981 /* XXToolsExampleTests.xctest */;
			productType = "com.apple.product-type.bundle.unit-test";
		};
/* End PBXNativeTarget section */

/* Begin PBXProject section */
		6B220BD01DAF7A68008A7981 /* Project object */ = {
			isa = PBXProject;
			attributes = {
				LastUpgradeCheck = 0800;
				ORGANIZATIONNAME = xunxu;
				TargetAttributes = {
					6B220BD71DAF7A68008A7981 = {
						CreatedOnToolsVersion = 8.0;
						DevelopmentTeam = 4Q4R3U8W8X;
						ProvisioningStyle = Automatic;
					};
					6B220BF01DAF7A68008A7981 = {
						CreatedOnToolsVersion = 8.0;
						DevelopmentTeam = 2BEF83H46M;
						ProvisioningStyle = Automatic;
						TestTargetID = 6B220BD71DAF7A68008A7981;
					};
				};
			};
			buildConfigurationList = 6B220BD31DAF7A68008A7981 /* Build configuration list for PBXProject "XXToolsExample" */;
			compatibilityVersion = "Xcode 3.2";
			developmentRegion = English;
			hasScannedForEncodings = 0;
			knownRegions = (
				en,
				Base,
			);
			mainGroup = 6B220BCF1DAF7A68008A7981;
			productRefGroup = 6B220BD91DAF7A68008A7981 /* Products */;
			projectDirPath = "";
			projectRoot = "";
			targets = (
				6B220BD71DAF7A68008A7981 /* XXToolsExample */,
				6B220BF01DAF7A68008A7981 /* XXToolsExampleTests */,
			);
		};
/* End PBXProject section */

/* Begin PBXResourcesBuildPhase section */
		6B220BD61DAF7A68008A7981 /* Resources */ = {
			isa = PBXResourcesBuildPhase;
			buildActionMask = 2147483647;
			files = (
				6B220BEB1DAF7A68008A7981 /* LaunchScreen.storyboard in Resources */,
				6B220BE81DAF7A68008A7981 /* Assets.xcassets in Resources */,
				6B220BE61DAF7A68008A7981 /* Main.storyboard in Resources */,
			);
			runOnlyForDeploymentPostprocessing = 0;
		};
		6B220BEF1DAF7A68008A7981 /* Resources */ = {
			isa = PBXResourcesBuildPhase;
			buildActionMask = 2147483647;
			files = (
			);
			runOnlyForDeploymentPostprocessing = 0;
		};
/* End PBXResourcesBuildPhase section */

/* Begin PBXSourcesBuildPhase section */
		6B220BD41DAF7A68008A7981 /* Sources */ = {
			isa = PBXSourcesBuildPhase;
			buildActionMask = 2147483647;
			files = (
				1355C5811F90AEE500F65544 /* NSObject+XXDeallocBlock.m in Sources */,
				6B220C521DAF7B0E008A7981 /* UINavigationController+XX.m in Sources */,
				6B220C541DAF7B0E008A7981 /* UIView+XX.m in Sources */,
				6B220C531DAF7B0E008A7981 /* UITableView+XX.m in Sources */,
				6B220C4E1DAF7B0E008A7981 /* UIColor+XX.m in Sources */,
				6B220C501DAF7B0E008A7981 /* UIImageView+XX.m in Sources */,
				6B220C551DAF7B0E008A7981 /* XXTools.m in Sources */,
				6B220C491DAF7B0E008A7981 /* NSDate+XX.m in Sources */,
				6B220C4C1DAF7B0E008A7981 /* NSString+XX.m in Sources */,
				6B220C511DAF7B0E008A7981 /* UILabel+XX.m in Sources */,
				6B220C4F1DAF7B0E008A7981 /* UIImage+XX.m in Sources */,
				1355C57E1F90AE9F00F65544 /* XXDeallocBlockExecutor.m in Sources */,
				6B220BE31DAF7A68008A7981 /* ViewController.m in Sources */,
				6B220BE01DAF7A68008A7981 /* AppDelegate.m in Sources */,
				6B220C4B1DAF7B0E008A7981 /* NSMutableArray+XX.m in Sources */,
				6B220C4D1DAF7B0E008A7981 /* UIButton+XX.m in Sources */,
				6B220C4A1DAF7B0E008A7981 /* NSDictionary+XX.m in Sources */,
				6B220BDD1DAF7A68008A7981 /* main.m in Sources */,
			);
			runOnlyForDeploymentPostprocessing = 0;
		};
		6B220BED1DAF7A68008A7981 /* Sources */ = {
			isa = PBXSourcesBuildPhase;
			buildActionMask = 2147483647;
			files = (
				6B220BF61DAF7A68008A7981 /* XXToolsExampleTests.m in Sources */,
			);
			runOnlyForDeploymentPostprocessing = 0;
		};
/* End PBXSourcesBuildPhase section */

/* Begin PBXTargetDependency section */
		6B220BF31DAF7A68008A7981 /* PBXTargetDependency */ = {
			isa = PBXTargetDependency;
			target = 6B220BD71DAF7A68008A7981 /* XXToolsExample */;
			targetProxy = 6B220BF21DAF7A68008A7981 /* PBXContainerItemProxy */;
		};
/* End PBXTargetDependency section */

/* Begin PBXVariantGroup section */
		6B220BE41DAF7A68008A7981 /* Main.storyboard */ = {
			isa = PBXVariantGroup;
			children = (
				6B220BE51DAF7A68008A7981 /* Base */,
			);
			name = Main.storyboard;
			sourceTree = "<group>";
		};
		6B220BE91DAF7A68008A7981 /* LaunchScreen.storyboard */ = {
			isa = PBXVariantGroup;
			children = (
				6B220BEA1DAF7A68008A7981 /* Base */,
			);
			name = LaunchScreen.storyboard;
			sourceTree = "<group>";
		};
/* End PBXVariantGroup section */

/* Begin XCBuildConfiguration section */
		6B220BF81DAF7A68008A7981 /* Debug */ = {
			isa = XCBuildConfiguration;
			buildSettings = {
				ALWAYS_SEARCH_USER_PATHS = NO;
				CLANG_ANALYZER_NONNULL = YES;
				CLANG_CXX_LANGUAGE_STANDARD = "gnu++0x";
				CLANG_CXX_LIBRARY = "libc++";
				CLANG_ENABLE_MODULES = YES;
				CLANG_ENABLE_OBJC_ARC = YES;
				CLANG_WARN_BOOL_CONVERSION = YES;
				CLANG_WARN_CONSTANT_CONVERSION = YES;
				CLANG_WARN_DIRECT_OBJC_ISA_USAGE = YES_ERROR;
				CLANG_WARN_DOCUMENTATION_COMMENTS = YES;
				CLANG_WARN_EMPTY_BODY = YES;
				CLANG_WARN_ENUM_CONVERSION = YES;
				CLANG_WARN_INFINITE_RECURSION = YES;
				CLANG_WARN_INT_CONVERSION = YES;
				CLANG_WARN_OBJC_ROOT_CLASS = YES_ERROR;
				CLANG_WARN_SUSPICIOUS_MOVES = YES;
				CLANG_WARN_UNREACHABLE_CODE = YES;
				CLANG_WARN__DUPLICATE_METHOD_MATCH = YES;
				"CODE_SIGN_IDENTITY[sdk=iphoneos*]" = "iPhone Developer";
				COPY_PHASE_STRIP = NO;
				DEBUG_INFORMATION_FORMAT = dwarf;
				ENABLE_STRICT_OBJC_MSGSEND = YES;
				ENABLE_TESTABILITY = YES;
				GCC_C_LANGUAGE_STANDARD = gnu99;
				GCC_DYNAMIC_NO_PIC = NO;
				GCC_NO_COMMON_BLOCKS = YES;
				GCC_OPTIMIZATION_LEVEL = 0;
				GCC_PREPROCESSOR_DEFINITIONS = (
					"DEBUG=1",
					"$(inherited)",
				);
				GCC_WARN_64_TO_32_BIT_CONVERSION = YES;
				GCC_WARN_ABOUT_RETURN_TYPE = YES_ERROR;
				GCC_WARN_UNDECLARED_SELECTOR = YES;
				GCC_WARN_UNINITIALIZED_AUTOS = YES_AGGRESSIVE;
				GCC_WARN_UNUSED_FUNCTION = YES;
				GCC_WARN_UNUSED_VARIABLE = YES;
				IPHONEOS_DEPLOYMENT_TARGET = 10.0;
				MTL_ENABLE_DEBUG_INFO = YES;
				ONLY_ACTIVE_ARCH = YES;
				SDKROOT = iphoneos;
			};
			name = Debug;
		};
		6B220BF91DAF7A68008A7981 /* Release */ = {
			isa = XCBuildConfiguration;
			buildSettings = {
				ALWAYS_SEARCH_USER_PATHS = NO;
				CLANG_ANALYZER_NONNULL = YES;
				CLANG_CXX_LANGUAGE_STANDARD = "gnu++0x";
				CLANG_CXX_LIBRARY = "libc++";
				CLANG_ENABLE_MODULES = YES;
				CLANG_ENABLE_OBJC_ARC = YES;
				CLANG_WARN_BOOL_CONVERSION = YES;
				CLANG_WARN_CONSTANT_CONVERSION = YES;
				CLANG_WARN_DIRECT_OBJC_ISA_USAGE = YES_ERROR;
				CLANG_WARN_DOCUMENTATION_COMMENTS = YES;
				CLANG_WARN_EMPTY_BODY = YES;
				CLANG_WARN_ENUM_CONVERSION = YES;
				CLANG_WARN_INFINITE_RECURSION = YES;
				CLANG_WARN_INT_CONVERSION = YES;
				CLANG_WARN_OBJC_ROOT_CLASS = YES_ERROR;
				CLANG_WARN_SUSPICIOUS_MOVES = YES;
				CLANG_WARN_UNREACHABLE_CODE = YES;
				CLANG_WARN__DUPLICATE_METHOD_MATCH = YES;
				"CODE_SIGN_IDENTITY[sdk=iphoneos*]" = "iPhone Developer";
				COPY_PHASE_STRIP = NO;
				DEBUG_INFORMATION_FORMAT = "dwarf-with-dsym";
				ENABLE_NS_ASSERTIONS = NO;
				ENABLE_STRICT_OBJC_MSGSEND = YES;
				GCC_C_LANGUAGE_STANDARD = gnu99;
				GCC_NO_COMMON_BLOCKS = YES;
				GCC_WARN_64_TO_32_BIT_CONVERSION = YES;
				GCC_WARN_ABOUT_RETURN_TYPE = YES_ERROR;
				GCC_WARN_UNDECLARED_SELECTOR = YES;
				GCC_WARN_UNINITIALIZED_AUTOS = YES_AGGRESSIVE;
				GCC_WARN_UNUSED_FUNCTION = YES;
				GCC_WARN_UNUSED_VARIABLE = YES;
				IPHONEOS_DEPLOYMENT_TARGET = 10.0;
				MTL_ENABLE_DEBUG_INFO = NO;
				SDKROOT = iphoneos;
				VALIDATE_PRODUCT = YES;
			};
			name = Release;
		};
		6B220BFB1DAF7A68008A7981 /* Debug */ = {
			isa = XCBuildConfiguration;
			buildSettings = {
				ASSETCATALOG_COMPILER_APPICON_NAME = AppIcon;
				DEVELOPMENT_TEAM = 4Q4R3U8W8X;
				INFOPLIST_FILE = XXToolsExample/Info.plist;
				LD_RUNPATH_SEARCH_PATHS = "$(inherited) @executable_path/Frameworks";
				PRODUCT_BUNDLE_IDENTIFIER = com.mingshihaoke.XXToolsExample;
				PRODUCT_NAME = "$(TARGET_NAME)";
			};
			name = Debug;
		};
		6B220BFC1DAF7A68008A7981 /* Release */ = {
			isa = XCBuildConfiguration;
			buildSettings = {
				ASSETCATALOG_COMPILER_APPICON_NAME = AppIcon;
				DEVELOPMENT_TEAM = 4Q4R3U8W8X;
				INFOPLIST_FILE = XXToolsExample/Info.plist;
				LD_RUNPATH_SEARCH_PATHS = "$(inherited) @executable_path/Frameworks";
				PRODUCT_BUNDLE_IDENTIFIER = com.mingshihaoke.XXToolsExample;
				PRODUCT_NAME = "$(TARGET_NAME)";
			};
			name = Release;
		};
		6B220BFE1DAF7A68008A7981 /* Debug */ = {
			isa = XCBuildConfiguration;
			buildSettings = {
				BUNDLE_LOADER = "$(TEST_HOST)";
				DEVELOPMENT_TEAM = 2BEF83H46M;
				INFOPLIST_FILE = XXToolsExampleTests/Info.plist;
				LD_RUNPATH_SEARCH_PATHS = "$(inherited) @executable_path/Frameworks @loader_path/Frameworks";
				PRODUCT_BUNDLE_IDENTIFIER = com.mingshihaoke.XXToolsExampleTests;
				PRODUCT_NAME = "$(TARGET_NAME)";
				TEST_HOST = "$(BUILT_PRODUCTS_DIR)/XXToolsExample.app/XXToolsExample";
			};
			name = Debug;
		};
		6B220BFF1DAF7A68008A7981 /* Release */ = {
			isa = XCBuildConfiguration;
			buildSettings = {
				BUNDLE_LOADER = "$(TEST_HOST)";
				DEVELOPMENT_TEAM = 2BEF83H46M;
				INFOPLIST_FILE = XXToolsExampleTests/Info.plist;
				LD_RUNPATH_SEARCH_PATHS = "$(inherited) @executable_path/Frameworks @loader_path/Frameworks";
				PRODUCT_BUNDLE_IDENTIFIER = com.mingshihaoke.XXToolsExampleTests;
				PRODUCT_NAME = "$(TARGET_NAME)";
				TEST_HOST = "$(BUILT_PRODUCTS_DIR)/XXToolsExample.app/XXToolsExample";
			};
			name = Release;
		};
/* End XCBuildConfiguration section */

/* Begin XCConfigurationList section */
		6B220BD31DAF7A68008A7981 /* Build configuration list for PBXProject "XXToolsExample" */ = {
			isa = XCConfigurationList;
			buildConfigurations = (
				6B220BF81DAF7A68008A7981 /* Debug */,
				6B220BF91DAF7A68008A7981 /* Release */,
			);
			defaultConfigurationIsVisible = 0;
			defaultConfigurationName = Release;
		};
		6B220BFA1DAF7A68008A7981 /* Build configuration list for PBXNativeTarget "XXToolsExample" */ = {
			isa = XCConfigurationList;
			buildConfigurations = (
				6B220BFB1DAF7A68008A7981 /* Debug */,
				6B220BFC1DAF7A68008A7981 /* Release */,
			);
			defaultConfigurationIsVisible = 0;
			defaultConfigurationName = Release;
		};
		6B220BFD1DAF7A68008A7981 /* Build configuration list for PBXNativeTarget "XXToolsExampleTests" */ = {
			isa = XCConfigurationList;
			buildConfigurations = (
				6B220BFE1DAF7A68008A7981 /* Debug */,
				6B220BFF1DAF7A68008A7981 /* Release */,
			);
			defaultConfigurationIsVisible = 0;
			defaultConfigurationName = Release;
		};
/* End XCConfigurationList section */
	};
	rootObject = 6B220BD01DAF7A68008A7981 /* Project object */;
}
