// !$*UTF8*$!
{
	archiveVersion = 1;
	classes = {
	};
	objectVersion = 46;
	objects = {

/* Begin PBXBuildFile section */
		6B7A5D601DAE19B900B3A771 /* UIColor+XX.m in Sources */ = {isa = PBXBuildFile; fileRef = 6B7A5D5F1DAE19B900B3A771 /* UIColor+XX.m */; };
		6BDCB7C31D9A40EB00FBEECD /* main.m in Sources */ = {isa = PBXBuildFile; fileRef = 6BDCB7C21D9A40EB00FBEECD /* main.m */; };
		6BDCB7C61D9A40EB00FBEECD /* AppDelegate.m in Sources */ = {isa = PBXBuildFile; fileRef = 6BDCB7C51D9A40EB00FBEECD /* AppDelegate.m */; };
		6BDCB7C91D9A40EB00FBEECD /* ViewController.m in Sources */ = {isa = PBXBuildFile; fileRef = 6BDCB7C81D9A40EB00FBEECD /* ViewController.m */; };
		6BDCB7CC1D9A40EB00FBEECD /* Main.storyboard in Resources */ = {isa = PBXBuildFile; fileRef = 6BDCB7CA1D9A40EB00FBEECD /* Main.storyboard */; };
		6BDCB7CE1D9A40EB00FBEECD /* Assets.xcassets in Resources */ = {isa = PBXBuildFile; fileRef = 6BDCB7CD1D9A40EB00FBEECD /* Assets.xcassets */; };
		6BDCB7D11D9A40EB00FBEECD /* LaunchScreen.storyboard in Resources */ = {isa = PBXBuildFile; fileRef = 6BDCB7CF1D9A40EB00FBEECD /* LaunchScreen.storyboard */; };
		6BDCB7DC1D9A40EB00FBEECD /* XXToolsTests.m in Sources */ = {isa = PBXBuildFile; fileRef = 6BDCB7DB1D9A40EB00FBEECD /* XXToolsTests.m */; };
		6BDCB8001D9A41FE00FBEECD /* NSDate+XX.m in Sources */ = {isa = PBXBuildFile; fileRef = 6BDCB7EB1D9A41FE00FBEECD /* NSDate+XX.m */; };
		6BDCB8011D9A41FE00FBEECD /* NSDictionary+XX.m in Sources */ = {isa = PBXBuildFile; fileRef = 6BDCB7ED1D9A41FE00FBEECD /* NSDictionary+XX.m */; };
		6BDCB8021D9A41FE00FBEECD /* NSMutableArray+XX.m in Sources */ = {isa = PBXBuildFile; fileRef = 6BDCB7EF1D9A41FE00FBEECD /* NSMutableArray+XX.m */; };
		6BDCB8031D9A41FE00FBEECD /* NSString+XX.m in Sources */ = {isa = PBXBuildFile; fileRef = 6BDCB7F11D9A41FE00FBEECD /* NSString+XX.m */; };
		6BDCB8041D9A41FE00FBEECD /* UIButton+XX.m in Sources */ = {isa = PBXBuildFile; fileRef = 6BDCB7F31D9A41FE00FBEECD /* UIButton+XX.m */; };
		6BDCB8051D9A41FE00FBEECD /* UIImage+XX.m in Sources */ = {isa = PBXBuildFile; fileRef = 6BDCB7F51D9A41FE00FBEECD /* UIImage+XX.m */; };
		6BDCB8061D9A41FE00FBEECD /* UIImageView+XX.m in Sources */ = {isa = PBXBuildFile; fileRef = 6BDCB7F71D9A41FE00FBEECD /* UIImageView+XX.m */; };
		6BDCB8071D9A41FE00FBEECD /* UILabel+XX.m in Sources */ = {isa = PBXBuildFile; fileRef = 6BDCB7F91D9A41FE00FBEECD /* UILabel+XX.m */; };
		6BDCB8081D9A41FE00FBEECD /* UINavigationController+XX.m in Sources */ = {isa = PBXBuildFile; fileRef = 6BDCB7FB1D9A41FE00FBEECD /* UINavigationController+XX.m */; };
		6BDCB8091D9A41FE00FBEECD /* UITableView+XX.m in Sources */ = {isa = PBXBuildFile; fileRef = 6BDCB7FD1D9A41FE00FBEECD /* UITableView+XX.m */; };
		6BDCB80A1D9A41FE00FBEECD /* UIView+XX.m in Sources */ = {isa = PBXBuildFile; fileRef = 6BDCB7FF1D9A41FE00FBEECD /* UIView+XX.m */; };
		6BDCB80F1D9A4A4000FBEECD /* XXTools.m in Sources */ = {isa = PBXBuildFile; fileRef = 6BDCB80E1D9A4A4000FBEECD /* XXTools.m */; };
/* End PBXBuildFile section */

/* Begin PBXContainerItemProxy section */
		6BDCB7D81D9A40EB00FBEECD /* PBXContainerItemProxy */ = {
			isa = PBXContainerItemProxy;
			containerPortal = 6BDCB7B61D9A40EB00FBEECD /* Project object */;
			proxyType = 1;
			remoteGlobalIDString = 6BDCB7BD1D9A40EB00FBEECD;
			remoteInfo = XXTools;
		};
/* End PBXContainerItemProxy section */

/* Begin PBXFileReference section */
		6B7A5D5E1DAE19B900B3A771 /* UIColor+XX.h */ = {isa = PBXFileReference; fileEncoding = 4; lastKnownFileType = sourcecode.c.h; path = "UIColor+XX.h"; sourceTree = "<group>"; };
		6B7A5D5F1DAE19B900B3A771 /* UIColor+XX.m */ = {isa = PBXFileReference; fileEncoding = 4; lastKnownFileType = sourcecode.c.objc; path = "UIColor+XX.m"; sourceTree = "<group>"; };
		6BDCB7BE1D9A40EB00FBEECD /* XXTools.app */ = {isa = PBXFileReference; explicitFileType = wrapper.application; includeInIndex = 0; path = XXTools.app; sourceTree = BUILT_PRODUCTS_DIR; };
		6BDCB7C21D9A40EB00FBEECD /* main.m */ = {isa = PBXFileReference; lastKnownFileType = sourcecode.c.objc; path = main.m; sourceTree = "<group>"; };
		6BDCB7C41D9A40EB00FBEECD /* AppDelegate.h */ = {isa = PBXFileReference; lastKnownFileType = sourcecode.c.h; path = AppDelegate.h; sourceTree = "<group>"; };
		6BDCB7C51D9A40EB00FBEECD /* AppDelegate.m */ = {isa = PBXFileReference; lastKnownFileType = sourcecode.c.objc; path = AppDelegate.m; sourceTree = "<group>"; };
		6BDCB7C71D9A40EB00FBEECD /* ViewController.h */ = {isa = PBXFileReference; lastKnownFileType = sourcecode.c.h; path = ViewController.h; sourceTree = "<group>"; };
		6BDCB7C81D9A40EB00FBEECD /* ViewController.m */ = {isa = PBXFileReference; lastKnownFileType = sourcecode.c.objc; path = ViewController.m; sourceTree = "<group>"; };
		6BDCB7CB1D9A40EB00FBEECD /* Base */ = {isa = PBXFileReference; lastKnownFileType = file.storyboard; name = Base; path = Base.lproj/Main.storyboard; sourceTree = "<group>"; };
		6BDCB7CD1D9A40EB00FBEECD /* Assets.xcassets */ = {isa = PBXFileReference; lastKnownFileType = folder.assetcatalog; path = Assets.xcassets; sourceTree = "<group>"; };
		6BDCB7D01D9A40EB00FBEECD /* Base */ = {isa = PBXFileReference; lastKnownFileType = file.storyboard; name = Base; path = Base.lproj/LaunchScreen.storyboard; sourceTree = "<group>"; };
		6BDCB7D21D9A40EB00FBEECD /* Info.plist */ = {isa = PBXFileReference; lastKnownFileType = text.plist.xml; path = Info.plist; sourceTree = "<group>"; };
		6BDCB7D71D9A40EB00FBEECD /* XXToolsTests.xctest */ = {isa = PBXFileReference; explicitFileType = wrapper.cfbundle; includeInIndex = 0; path = XXToolsTests.xctest; sourceTree = BUILT_PRODUCTS_DIR; };
		6BDCB7DB1D9A40EB00FBEECD /* XXToolsTests.m */ = {isa = PBXFileReference; lastKnownFileType = sourcecode.c.objc; path = XXToolsTests.m; sourceTree = "<group>"; };
		6BDCB7DD1D9A40EB00FBEECD /* Info.plist */ = {isa = PBXFileReference; lastKnownFileType = text.plist.xml; path = Info.plist; sourceTree = "<group>"; };
		6BDCB7EA1D9A41FE00FBEECD /* NSDate+XX.h */ = {isa = PBXFileReference; fileEncoding = 4; lastKnownFileType = sourcecode.c.h; path = "NSDate+XX.h"; sourceTree = "<group>"; };
		6BDCB7EB1D9A41FE00FBEECD /* NSDate+XX.m */ = {isa = PBXFileReference; fileEncoding = 4; lastKnownFileType = sourcecode.c.objc; path = "NSDate+XX.m"; sourceTree = "<group>"; };
		6BDCB7EC1D9A41FE00FBEECD /* NSDictionary+XX.h */ = {isa = PBXFileReference; fileEncoding = 4; lastKnownFileType = sourcecode.c.h; path = "NSDictionary+XX.h"; sourceTree = "<group>"; };
		6BDCB7ED1D9A41FE00FBEECD /* NSDictionary+XX.m */ = {isa = PBXFileReference; fileEncoding = 4; lastKnownFileType = sourcecode.c.objc; path = "NSDictionary+XX.m"; sourceTree = "<group>"; };
		6BDCB7EE1D9A41FE00FBEECD /* NSMutableArray+XX.h */ = {isa = PBXFileReference; fileEncoding = 4; lastKnownFileType = sourcecode.c.h; path = "NSMutableArray+XX.h"; sourceTree = "<group>"; };
		6BDCB7EF1D9A41FE00FBEECD /* NSMutableArray+XX.m */ = {isa = PBXFileReference; fileEncoding = 4; lastKnownFileType = sourcecode.c.objc; path = "NSMutableArray+XX.m"; sourceTree = "<group>"; };
		6BDCB7F01D9A41FE00FBEECD /* NSString+XX.h */ = {isa = PBXFileReference; fileEncoding = 4; lastKnownFileType = sourcecode.c.h; path = "NSString+XX.h"; sourceTree = "<group>"; };
		6BDCB7F11D9A41FE00FBEECD /* NSString+XX.m */ = {isa = PBXFileReference; fileEncoding = 4; lastKnownFileType = sourcecode.c.objc; path = "NSString+XX.m"; sourceTree = "<group>"; };
		6BDCB7F21D9A41FE00FBEECD /* UIButton+XX.h */ = {isa = PBXFileReference; fileEncoding = 4; lastKnownFileType = sourcecode.c.h; path = "UIButton+XX.h"; sourceTree = "<group>"; };
		6BDCB7F31D9A41FE00FBEECD /* UIButton+XX.m */ = {isa = PBXFileReference; fileEncoding = 4; lastKnownFileType = sourcecode.c.objc; path = "UIButton+XX.m"; sourceTree = "<group>"; };
		6BDCB7F41D9A41FE00FBEECD /* UIImage+XX.h */ = {isa = PBXFileReference; fileEncoding = 4; lastKnownFileType = sourcecode.c.h; path = "UIImage+XX.h"; sourceTree = "<group>"; };
		6BDCB7F51D9A41FE00FBEECD /* UIImage+XX.m */ = {isa = PBXFileReference; fileEncoding = 4; lastKnownFileType = sourcecode.c.objc; path = "UIImage+XX.m"; sourceTree = "<group>"; };
		6BDCB7F61D9A41FE00FBEECD /* UIImageView+XX.h */ = {isa = PBXFileReference; fileEncoding = 4; lastKnownFileType = sourcecode.c.h; path = "UIImageView+XX.h"; sourceTree = "<group>"; };
		6BDCB7F71D9A41FE00FBEECD /* UIImageView+XX.m */ = {isa = PBXFileReference; fileEncoding = 4; lastKnownFileType = sourcecode.c.objc; path = "UIImageView+XX.m"; sourceTree = "<group>"; };
		6BDCB7F81D9A41FE00FBEECD /* UILabel+XX.h */ = {isa = PBXFileReference; fileEncoding = 4; lastKnownFileType = sourcecode.c.h; path = "UILabel+XX.h"; sourceTree = "<group>"; };
		6BDCB7F91D9A41FE00FBEECD /* UILabel+XX.m */ = {isa = PBXFileReference; fileEncoding = 4; lastKnownFileType = sourcecode.c.objc; path = "UILabel+XX.m"; sourceTree = "<group>"; };
		6BDCB7FA1D9A41FE00FBEECD /* UINavigationController+XX.h */ = {isa = PBXFileReference; fileEncoding = 4; lastKnownFileType = sourcecode.c.h; path = "UINavigationController+XX.h"; sourceTree = "<group>"; };
		6BDCB7FB1D9A41FE00FBEECD /* UINavigationController+XX.m */ = {isa = PBXFileReference; fileEncoding = 4; lastKnownFileType = sourcecode.c.objc; path = "UINavigationController+XX.m"; sourceTree = "<group>"; };
		6BDCB7FC1D9A41FE00FBEECD /* UITableView+XX.h */ = {isa = PBXFileReference; fileEncoding = 4; lastKnownFileType = sourcecode.c.h; path = "UITableView+XX.h"; sourceTree = "<group>"; };
		6BDCB7FD1D9A41FE00FBEECD /* UITableView+XX.m */ = {isa = PBXFileReference; fileEncoding = 4; lastKnownFileType = sourcecode.c.objc; path = "UITableView+XX.m"; sourceTree = "<group>"; };
		6BDCB7FE1D9A41FE00FBEECD /* UIView+XX.h */ = {isa = PBXFileReference; fileEncoding = 4; lastKnownFileType = sourcecode.c.h; path = "UIView+XX.h"; sourceTree = "<group>"; };
		6BDCB7FF1D9A41FE00FBEECD /* UIView+XX.m */ = {isa = PBXFileReference; fileEncoding = 4; lastKnownFileType = sourcecode.c.objc; path = "UIView+XX.m"; sourceTree = "<group>"; };
		6BDCB80B1D9A490A00FBEECD /* XXToolsMacro.h */ = {isa = PBXFileReference; lastKnownFileType = sourcecode.c.h; path = XXToolsMacro.h; sourceTree = "<group>"; };
		6BDCB80C1D9A4A2000FBEECD /* XXToolsHeader.h */ = {isa = PBXFileReference; lastKnownFileType = sourcecode.c.h; path = XXToolsHeader.h; sourceTree = "<group>"; };
		6BDCB80D1D9A4A4000FBEECD /* XXTools.h */ = {isa = PBXFileReference; fileEncoding = 4; lastKnownFileType = sourcecode.c.h; path = XXTools.h; sourceTree = "<group>"; };
		6BDCB80E1D9A4A4000FBEECD /* XXTools.m */ = {isa = PBXFileReference; fileEncoding = 4; lastKnownFileType = sourcecode.c.objc; path = XXTools.m; sourceTree = "<group>"; };
/* End PBXFileReference section */

/* Begin PBXFrameworksBuildPhase section */
		6BDCB7BB1D9A40EB00FBEECD /* Frameworks */ = {
			isa = PBXFrameworksBuildPhase;
			buildActionMask = 2147483647;
			files = (
			);
			runOnlyForDeploymentPostprocessing = 0;
		};
		6BDCB7D41D9A40EB00FBEECD /* Frameworks */ = {
			isa = PBXFrameworksBuildPhase;
			buildActionMask = 2147483647;
			files = (
			);
			runOnlyForDeploymentPostprocessing = 0;
		};
/* End PBXFrameworksBuildPhase section */

/* Begin PBXGroup section */
		6BDCB7B51D9A40EB00FBEECD = {
			isa = PBXGroup;
			children = (
				6BDCB7C01D9A40EB00FBEECD /* XXTools */,
				6BDCB7DA1D9A40EB00FBEECD /* XXToolsTests */,
				6BDCB7BF1D9A40EB00FBEECD /* Products */,
			);
			sourceTree = "<group>";
		};
		6BDCB7BF1D9A40EB00FBEECD /* Products */ = {
			isa = PBXGroup;
			children = (
				6BDCB7BE1D9A40EB00FBEECD /* XXTools.app */,
				6BDCB7D71D9A40EB00FBEECD /* XXToolsTests.xctest */,
			);
			name = Products;
			sourceTree = "<group>";
		};
		6BDCB7C01D9A40EB00FBEECD /* XXTools */ = {
			isa = PBXGroup;
			children = (
				6BDCB7E61D9A418A00FBEECD /* XXTools */,
				6BDCB7C41D9A40EB00FBEECD /* AppDelegate.h */,
				6BDCB7C51D9A40EB00FBEECD /* AppDelegate.m */,
				6BDCB7C71D9A40EB00FBEECD /* ViewController.h */,
				6BDCB7C81D9A40EB00FBEECD /* ViewController.m */,
				6BDCB7CA1D9A40EB00FBEECD /* Main.storyboard */,
				6BDCB7CD1D9A40EB00FBEECD /* Assets.xcassets */,
				6BDCB7CF1D9A40EB00FBEECD /* LaunchScreen.storyboard */,
				6BDCB7D21D9A40EB00FBEECD /* Info.plist */,
				6BDCB7C11D9A40EB00FBEECD /* Supporting Files */,
			);
			path = XXTools;
			sourceTree = "<group>";
		};
		6BDCB7C11D9A40EB00FBEECD /* Supporting Files */ = {
			isa = PBXGroup;
			children = (
				6BDCB7C21D9A40EB00FBEECD /* main.m */,
			);
			name = "Supporting Files";
			sourceTree = "<group>";
		};
		6BDCB7DA1D9A40EB00FBEECD /* XXToolsTests */ = {
			isa = PBXGroup;
			children = (
				6BDCB7DB1D9A40EB00FBEECD /* XXToolsTests.m */,
				6BDCB7DD1D9A40EB00FBEECD /* Info.plist */,
			);
			path = XXToolsTests;
			sourceTree = "<group>";
		};
		6BDCB7E61D9A418A00FBEECD /* XXTools */ = {
			isa = PBXGroup;
			children = (
				6BDCB7E91D9A41FE00FBEECD /* Category */,
				6BDCB80B1D9A490A00FBEECD /* XXToolsMacro.h */,
				6BDCB80C1D9A4A2000FBEECD /* XXToolsHeader.h */,
				6BDCB80D1D9A4A4000FBEECD /* XXTools.h */,
				6BDCB80E1D9A4A4000FBEECD /* XXTools.m */,
			);
			path = XXTools;
			sourceTree = "<group>";
		};
		6BDCB7E91D9A41FE00FBEECD /* Category */ = {
			isa = PBXGroup;
			children = (
				6BDCB7EA1D9A41FE00FBEECD /* NSDate+XX.h */,
				6BDCB7EB1D9A41FE00FBEECD /* NSDate+XX.m */,
				6BDCB7EC1D9A41FE00FBEECD /* NSDictionary+XX.h */,
				6BDCB7ED1D9A41FE00FBEECD /* NSDictionary+XX.m */,
				6BDCB7EE1D9A41FE00FBEECD /* NSMutableArray+XX.h */,
				6BDCB7EF1D9A41FE00FBEECD /* NSMutableArray+XX.m */,
				6BDCB7F01D9A41FE00FBEECD /* NSString+XX.h */,
				6BDCB7F11D9A41FE00FBEECD /* NSString+XX.m */,
				6BDCB7F21D9A41FE00FBEECD /* UIButton+XX.h */,
				6BDCB7F31D9A41FE00FBEECD /* UIButton+XX.m */,
				6BDCB7F41D9A41FE00FBEECD /* UIImage+XX.h */,
				6BDCB7F51D9A41FE00FBEECD /* UIImage+XX.m */,
				6BDCB7F61D9A41FE00FBEECD /* UIImageView+XX.h */,
				6BDCB7F71D9A41FE00FBEECD /* UIImageView+XX.m */,
				6BDCB7F81D9A41FE00FBEECD /* UILabel+XX.h */,
				6BDCB7F91D9A41FE00FBEECD /* UILabel+XX.m */,
				6BDCB7FA1D9A41FE00FBEECD /* UINavigationController+XX.h */,
				6BDCB7FB1D9A41FE00FBEECD /* UINavigationController+XX.m */,
				6BDCB7FC1D9A41FE00FBEECD /* UITableView+XX.h */,
				6BDCB7FD1D9A41FE00FBEECD /* UITableView+XX.m */,
				6BDCB7FE1D9A41FE00FBEECD /* UIView+XX.h */,
				6BDCB7FF1D9A41FE00FBEECD /* UIView+XX.m */,
				6B7A5D5E1DAE19B900B3A771 /* UIColor+XX.h */,
				6B7A5D5F1DAE19B900B3A771 /* UIColor+XX.m */,
			);
			path = Category;
			sourceTree = "<group>";
		};
/* End PBXGroup section */

/* Begin PBXNativeTarget section */
		6BDCB7BD1D9A40EB00FBEECD /* XXTools */ = {
			isa = PBXNativeTarget;
			buildConfigurationList = 6BDCB7E01D9A40EB00FBEECD /* Build configuration list for PBXNativeTarget "XXTools" */;
			buildPhases = (
				6BDCB7BA1D9A40EB00FBEECD /* Sources */,
				6BDCB7BB1D9A40EB00FBEECD /* Frameworks */,
				6BDCB7BC1D9A40EB00FBEECD /* Resources */,
			);
			buildRules = (
			);
			dependencies = (
			);
			name = XXTools;
			productName = XXTools;
			productReference = 6BDCB7BE1D9A40EB00FBEECD /* XXTools.app */;
			productType = "com.apple.product-type.application";
		};
		6BDCB7D61D9A40EB00FBEECD /* XXToolsTests */ = {
			isa = PBXNativeTarget;
			buildConfigurationList = 6BDCB7E31D9A40EB00FBEECD /* Build configuration list for PBXNativeTarget "XXToolsTests" */;
			buildPhases = (
				6BDCB7D31D9A40EB00FBEECD /* Sources */,
				6BDCB7D41D9A40EB00FBEECD /* Frameworks */,
				6BDCB7D51D9A40EB00FBEECD /* Resources */,
			);
			buildRules = (
			);
			dependencies = (
				6BDCB7D91D9A40EB00FBEECD /* PBXTargetDependency */,
			);
			name = XXToolsTests;
			productName = XXToolsTests;
			productReference = 6BDCB7D71D9A40EB00FBEECD /* XXToolsTests.xctest */;
			productType = "com.apple.product-type.bundle.unit-test";
		};
/* End PBXNativeTarget section */

/* Begin PBXProject section */
		6BDCB7B61D9A40EB00FBEECD /* Project object */ = {
			isa = PBXProject;
			attributes = {
				LastUpgradeCheck = 0730;
				ORGANIZATIONNAME = xunxu;
				TargetAttributes = {
					6BDCB7BD1D9A40EB00FBEECD = {
						CreatedOnToolsVersion = 7.3.1;
						DevelopmentTeam = 2BEF83H46M;
					};
					6BDCB7D61D9A40EB00FBEECD = {
						CreatedOnToolsVersion = 7.3.1;
						DevelopmentTeam = 2BEF83H46M;
						TestTargetID = 6BDCB7BD1D9A40EB00FBEECD;
					};
				};
			};
			buildConfigurationList = 6BDCB7B91D9A40EB00FBEECD /* Build configuration list for PBXProject "XXTools" */;
			compatibilityVersion = "Xcode 3.2";
			developmentRegion = English;
			hasScannedForEncodings = 0;
			knownRegions = (
				en,
				Base,
			);
			mainGroup = 6BDCB7B51D9A40EB00FBEECD;
			productRefGroup = 6BDCB7BF1D9A40EB00FBEECD /* Products */;
			projectDirPath = "";
			projectRoot = "";
			targets = (
				6BDCB7BD1D9A40EB00FBEECD /* XXTools */,
				6BDCB7D61D9A40EB00FBEECD /* XXToolsTests */,
			);
		};
/* End PBXProject section */

/* Begin PBXResourcesBuildPhase section */
		6BDCB7BC1D9A40EB00FBEECD /* Resources */ = {
			isa = PBXResourcesBuildPhase;
			buildActionMask = 2147483647;
			files = (
				6BDCB7D11D9A40EB00FBEECD /* LaunchScreen.storyboard in Resources */,
				6BDCB7CE1D9A40EB00FBEECD /* Assets.xcassets in Resources */,
				6BDCB7CC1D9A40EB00FBEECD /* Main.storyboard in Resources */,
			);
			runOnlyForDeploymentPostprocessing = 0;
		};
		6BDCB7D51D9A40EB00FBEECD /* Resources */ = {
			isa = PBXResourcesBuildPhase;
			buildActionMask = 2147483647;
			files = (
			);
			runOnlyForDeploymentPostprocessing = 0;
		};
/* End PBXResourcesBuildPhase section */

/* Begin PBXSourcesBuildPhase section */
		6BDCB7BA1D9A40EB00FBEECD /* Sources */ = {
			isa = PBXSourcesBuildPhase;
			buildActionMask = 2147483647;
			files = (
				6BDCB8001D9A41FE00FBEECD /* NSDate+XX.m in Sources */,
				6BDCB8031D9A41FE00FBEECD /* NSString+XX.m in Sources */,
				6BDCB7C91D9A40EB00FBEECD /* ViewController.m in Sources */,
				6BDCB7C61D9A40EB00FBEECD /* AppDelegate.m in Sources */,
				6BDCB8021D9A41FE00FBEECD /* NSMutableArray+XX.m in Sources */,
				6BDCB8091D9A41FE00FBEECD /* UITableView+XX.m in Sources */,
				6BDCB8071D9A41FE00FBEECD /* UILabel+XX.m in Sources */,
				6BDCB80F1D9A4A4000FBEECD /* XXTools.m in Sources */,
				6BDCB8041D9A41FE00FBEECD /* UIButton+XX.m in Sources */,
				6BDCB8061D9A41FE00FBEECD /* UIImageView+XX.m in Sources */,
				6BDCB8011D9A41FE00FBEECD /* NSDictionary+XX.m in Sources */,
				6BDCB8051D9A41FE00FBEECD /* UIImage+XX.m in Sources */,
				6BDCB7C31D9A40EB00FBEECD /* main.m in Sources */,
				6BDCB80A1D9A41FE00FBEECD /* UIView+XX.m in Sources */,
				6BDCB8081D9A41FE00FBEECD /* UINavigationController+XX.m in Sources */,
				6B7A5D601DAE19B900B3A771 /* UIColor+XX.m in Sources */,
			);
			runOnlyForDeploymentPostprocessing = 0;
		};
		6BDCB7D31D9A40EB00FBEECD /* Sources */ = {
			isa = PBXSourcesBuildPhase;
			buildActionMask = 2147483647;
			files = (
				6BDCB7DC1D9A40EB00FBEECD /* XXToolsTests.m in Sources */,
			);
			runOnlyForDeploymentPostprocessing = 0;
		};
/* End PBXSourcesBuildPhase section */

/* Begin PBXTargetDependency section */
		6BDCB7D91D9A40EB00FBEECD /* PBXTargetDependency */ = {
			isa = PBXTargetDependency;
			target = 6BDCB7BD1D9A40EB00FBEECD /* XXTools */;
			targetProxy = 6BDCB7D81D9A40EB00FBEECD /* PBXContainerItemProxy */;
		};
/* End PBXTargetDependency section */

/* Begin PBXVariantGroup section */
		6BDCB7CA1D9A40EB00FBEECD /* Main.storyboard */ = {
			isa = PBXVariantGroup;
			children = (
				6BDCB7CB1D9A40EB00FBEECD /* Base */,
			);
			name = Main.storyboard;
			sourceTree = "<group>";
		};
		6BDCB7CF1D9A40EB00FBEECD /* LaunchScreen.storyboard */ = {
			isa = PBXVariantGroup;
			children = (
				6BDCB7D01D9A40EB00FBEECD /* Base */,
			);
			name = LaunchScreen.storyboard;
			sourceTree = "<group>";
		};
/* End PBXVariantGroup section */

/* Begin XCBuildConfiguration section */
		6BDCB7DE1D9A40EB00FBEECD /* Debug */ = {
			isa = XCBuildConfiguration;
			buildSettings = {
				ALWAYS_SEARCH_USER_PATHS = NO;
				CLANG_ANALYZER_NONNULL = YES;
				CLANG_CXX_LANGUAGE_STANDARD = "gnu++0x";
				CLANG_CXX_LIBRARY = "libc++";
				CLANG_ENABLE_MODULES = YES;
				CLANG_ENABLE_OBJC_ARC = YES;
				CLANG_WARN_BOOL_CONVERSION = YES;
				CLANG_WARN_CONSTANT_CONVERSION = YES;
				CLANG_WARN_DIRECT_OBJC_ISA_USAGE = YES_ERROR;
				CLANG_WARN_EMPTY_BODY = YES;
				CLANG_WARN_ENUM_CONVERSION = YES;
				CLANG_WARN_INT_CONVERSION = YES;
				CLANG_WARN_OBJC_ROOT_CLASS = YES_ERROR;
				CLANG_WARN_UNREACHABLE_CODE = YES;
				CLANG_WARN__DUPLICATE_METHOD_MATCH = YES;
				"CODE_SIGN_IDENTITY[sdk=iphoneos*]" = "iPhone Developer";
				COPY_PHASE_STRIP = NO;
				DEBUG_INFORMATION_FORMAT = dwarf;
				ENABLE_STRICT_OBJC_MSGSEND = YES;
				ENABLE_TESTABILITY = YES;
				GCC_C_LANGUAGE_STANDARD = gnu99;
				GCC_DYNAMIC_NO_PIC = NO;
				GCC_NO_COMMON_BLOCKS = YES;
				GCC_OPTIMIZATION_LEVEL = 0;
				GCC_PREPROCESSOR_DEFINITIONS = (
					"DEBUG=1",
					"$(inherited)",
				);
				GCC_WARN_64_TO_32_BIT_CONVERSION = YES;
				GCC_WARN_ABOUT_RETURN_TYPE = YES_ERROR;
				GCC_WARN_UNDECLARED_SELECTOR = YES;
				GCC_WARN_UNINITIALIZED_AUTOS = YES_AGGRESSIVE;
				GCC_WARN_UNUSED_FUNCTION = YES;
				GCC_WARN_UNUSED_VARIABLE = YES;
				IPHONEOS_DEPLOYMENT_TARGET = 9.3;
				MTL_ENABLE_DEBUG_INFO = YES;
				ONLY_ACTIVE_ARCH = YES;
				SDKROOT = iphoneos;
			};
			name = Debug;
		};
		6BDCB7DF1D9A40EB00FBEECD /* Release */ = {
			isa = XCBuildConfiguration;
			buildSettings = {
				ALWAYS_SEARCH_USER_PATHS = NO;
				CLANG_ANALYZER_NONNULL = YES;
				CLANG_CXX_LANGUAGE_STANDARD = "gnu++0x";
				CLANG_CXX_LIBRARY = "libc++";
				CLANG_ENABLE_MODULES = YES;
				CLANG_ENABLE_OBJC_ARC = YES;
				CLANG_WARN_BOOL_CONVERSION = YES;
				CLANG_WARN_CONSTANT_CONVERSION = YES;
				CLANG_WARN_DIRECT_OBJC_ISA_USAGE = YES_ERROR;
				CLANG_WARN_EMPTY_BODY = YES;
				CLANG_WARN_ENUM_CONVERSION = YES;
				CLANG_WARN_INT_CONVERSION = YES;
				CLANG_WARN_OBJC_ROOT_CLASS = YES_ERROR;
				CLANG_WARN_UNREACHABLE_CODE = YES;
				CLANG_WARN__DUPLICATE_METHOD_MATCH = YES;
				"CODE_SIGN_IDENTITY[sdk=iphoneos*]" = "iPhone Developer";
				COPY_PHASE_STRIP = NO;
				DEBUG_INFORMATION_FORMAT = "dwarf-with-dsym";
				ENABLE_NS_ASSERTIONS = NO;
				ENABLE_STRICT_OBJC_MSGSEND = YES;
				GCC_C_LANGUAGE_STANDARD = gnu99;
				GCC_NO_COMMON_BLOCKS = YES;
				GCC_WARN_64_TO_32_BIT_CONVERSION = YES;
				GCC_WARN_ABOUT_RETURN_TYPE = YES_ERROR;
				GCC_WARN_UNDECLARED_SELECTOR = YES;
				GCC_WARN_UNINITIALIZED_AUTOS = YES_AGGRESSIVE;
				GCC_WARN_UNUSED_FUNCTION = YES;
				GCC_WARN_UNUSED_VARIABLE = YES;
				IPHONEOS_DEPLOYMENT_TARGET = 9.3;
				MTL_ENABLE_DEBUG_INFO = NO;
				SDKROOT = iphoneos;
				VALIDATE_PRODUCT = YES;
			};
			name = Release;
		};
		6BDCB7E11D9A40EB00FBEECD /* Debug */ = {
			isa = XCBuildConfiguration;
			buildSettings = {
				ASSETCATALOG_COMPILER_APPICON_NAME = AppIcon;
				DEVELOPMENT_TEAM = 2BEF83H46M;
				INFOPLIST_FILE = XXTools/Info.plist;
				LD_RUNPATH_SEARCH_PATHS = "$(inherited) @executable_path/Frameworks";
				PRODUCT_BUNDLE_IDENTIFIER = com.mingshihaoke.XXTools;
				PRODUCT_NAME = "$(TARGET_NAME)";
			};
			name = Debug;
		};
		6BDCB7E21D9A40EB00FBEECD /* Release */ = {
			isa = XCBuildConfiguration;
			buildSettings = {
				ASSETCATALOG_COMPILER_APPICON_NAME = AppIcon;
				DEVELOPMENT_TEAM = 2BEF83H46M;
				INFOPLIST_FILE = XXTools/Info.plist;
				LD_RUNPATH_SEARCH_PATHS = "$(inherited) @executable_path/Frameworks";
				PRODUCT_BUNDLE_IDENTIFIER = com.mingshihaoke.XXTools;
				PRODUCT_NAME = "$(TARGET_NAME)";
			};
			name = Release;
		};
		6BDCB7E41D9A40EB00FBEECD /* Debug */ = {
			isa = XCBuildConfiguration;
			buildSettings = {
				BUNDLE_LOADER = "$(TEST_HOST)";
				DEVELOPMENT_TEAM = 2BEF83H46M;
				INFOPLIST_FILE = XXToolsTests/Info.plist;
				LD_RUNPATH_SEARCH_PATHS = "$(inherited) @executable_path/Frameworks @loader_path/Frameworks";
				PRODUCT_BUNDLE_IDENTIFIER = com.mingshihaoke.XXToolsTests;
				PRODUCT_NAME = "$(TARGET_NAME)";
				TEST_HOST = "$(BUILT_PRODUCTS_DIR)/XXTools.app/XXTools";
			};
			name = Debug;
		};
		6BDCB7E51D9A40EB00FBEECD /* Release */ = {
			isa = XCBuildConfiguration;
			buildSettings = {
				BUNDLE_LOADER = "$(TEST_HOST)";
				DEVELOPMENT_TEAM = 2BEF83H46M;
				INFOPLIST_FILE = XXToolsTests/Info.plist;
				LD_RUNPATH_SEARCH_PATHS = "$(inherited) @executable_path/Frameworks @loader_path/Frameworks";
				PRODUCT_BUNDLE_IDENTIFIER = com.mingshihaoke.XXToolsTests;
				PRODUCT_NAME = "$(TARGET_NAME)";
				TEST_HOST = "$(BUILT_PRODUCTS_DIR)/XXTools.app/XXTools";
			};
			name = Release;
		};
/* End XCBuildConfiguration section */

/* Begin XCConfigurationList section */
		6BDCB7B91D9A40EB00FBEECD /* Build configuration list for PBXProject "XXTools" */ = {
			isa = XCConfigurationList;
			buildConfigurations = (
				6BDCB7DE1D9A40EB00FBEECD /* Debug */,
				6BDCB7DF1D9A40EB00FBEECD /* Release */,
			);
			defaultConfigurationIsVisible = 0;
			defaultConfigurationName = Release;
		};
		6BDCB7E01D9A40EB00FBEECD /* Build configuration list for PBXNativeTarget "XXTools" */ = {
			isa = XCConfigurationList;
			buildConfigurations = (
				6BDCB7E11D9A40EB00FBEECD /* Debug */,
				6BDCB7E21D9A40EB00FBEECD /* Release */,
			);
			defaultConfigurationIsVisible = 0;
			defaultConfigurationName = Release;
		};
		6BDCB7E31D9A40EB00FBEECD /* Build configuration list for PBXNativeTarget "XXToolsTests" */ = {
			isa = XCConfigurationList;
			buildConfigurations = (
				6BDCB7E41D9A40EB00FBEECD /* Debug */,
				6BDCB7E51D9A40EB00FBEECD /* Release */,
			);
			defaultConfigurationIsVisible = 0;
			defaultConfigurationName = Release;
		};
/* End XCConfigurationList section */
	};
	rootObject = 6BDCB7B61D9A40EB00FBEECD /* Project object */;
}
